// !$*UTF8*$!
{
	archiveVersion = 1;
	classes = {
	};
	objectVersion = 56;
	objects = {

/* Begin PBXBuildFile section */
		6C0000000000000000000001 /* ShaderClient.swift in Sources */ = {isa = PBXBuildFile; fileRef = 6C0000000000000000000011 /* ShaderClient.swift */; };
		6C0000000000000000000002 /* Shaders.metal in Sources */ = {isa = PBXBuildFile; fileRef = 6C0000000000000000000012 /* Shaders.metal */; };
		6C0000000000000000000003 /* MetalPetal in Frameworks */ = {isa = PBXBuildFile; productRef = 6C0000000000000000000021 /* MetalPetal */; };
/* End PBXBuildFile section */

/* Begin PBXFileReference section */
		6C0000000000000000000011 /* ShaderClient.swift */ = {isa = PBXFileReference; lastKnownFileType = sourcecode.swift; path = ShaderClient.swift; sourceTree = "<group>"; };
		6C0000000000000000000012 /* Shaders.metal */ = {isa = PBXFileReference; lastKnownFileType = sourcecode.metal; path = Shaders.metal; sourceTree = "<group>"; };
		6C0000000000000000000013 /* ShaderClient */ = {isa = PBXFileReference; explicitFileType = "compiled.mach-o.executable"; includeInIndex = 0; path = ShaderClient; sourceTree = BUILT_PRODUCTS_DIR; };
/* End PBXFileReference section */

/* Begin PBXFrameworksBuildPhase section */
		6C0000000000000000000031 /* Frameworks */ = {
			isa = PBXFrameworksBuildPhase;
			buildActionMask = 2147483647;
			files = (
				6C0000000000000000000003 /* MetalPetal in Frameworks */,
			);
			runOnlyForDeploymentPostprocessing = 0;
		};
/* End PBXFrameworksBuildPhase section */

/* Begin PBXGroup section */
		6C0000000000000000000041 = {
			isa = PBXGroup;
			children = (
				6C0000000000000000000042 /* Sources */,
				6C0000000000000000000043 /* Products */,
			);
			sourceTree = "<group>";
		};
		6C0000000000000000000042 /* Sources */ = {
			isa = PBXGroup;
			children = (
				6C0000000000000000000044 /* ShaderClient */,
			);
			path = Sources;
			sourceTree = "<group>";
		};
		6C0000000000000000000043 /* Products */ = {
			isa = PBXGroup;
			children = (
				6C0000000000000000000013 /* ShaderClient */,
			);
			name = Products;
			sourceTree = "<group>";
		};
		6C0000000000000000000044 /* ShaderClient */ = {
			isa = PBXGroup;
			children = (
				6C0000000000000000000011 /* ShaderClient.swift */,
				6C0000000000000000000012 /* Shaders.metal */,
			);
			path = ShaderClient;
			sourceTree = "<group>";
		};
/* End PBXGroup section */

/* Begin PBXNativeTarget section */
		6C0000000000000000000051 /* ShaderClient */ = {
			isa = PBXNativeTarget;
			buildConfigurationList = 6C0000000000000000000062 /* Build configuration list for PBXNativeTarget "ShaderClient" */;
			buildPhases = (
				6C0000000000000000000071 /* Sources */,
				6C0000000000000000000031 /* Frameworks */,
			);
			buildRules = (
			);
			dependencies = (
			);
			name = ShaderClient;
			packageProductDependencies = (
				6C0000000000000000000021 /* MetalPetal */,
			);
			productName = ShaderClient;
			productReference = 6C0000000000000000000013 /* ShaderClient */;
			productType = "com.apple.product-type.tool";
		};
/* End PBXNativeTarget section */

/* Begin PBXProject section */
		6C0000000000000000000052 /* Project object */ = {
			isa = PBXProject;
			attributes = {
				BuildIndependentTargetsInParallel = 1;
				LastSwiftUpdateCheck = 1500;
				LastUpgradeCheck = 1500;
				TargetAttributes = {
					6C0000000000000000000051 = {
						CreatedOnToolsVersion = 15.0;
					};
				};
			};
			buildConfigurationList = 6C0000000000000000000061 /* Build configuration list for PBXProject "ShaderClient" */;
			compatibilityVersion = "Xcode 14.0";
			developmentRegion = en;
			hasScannedForEncodings = 0;
			knownRegions = (
				en,
				Base,
			);
			mainGroup = 6C0000000000000000000041;
			packageReferences = (
				6C0000000000000000000020 /* XCLocalSwiftPackageReference "../../.." */,
			);
			productRefGroup = 6C0000000000000000000043 /* Products */;
			projectDirPath = "";
			projectRoot = "";
			targets = (
				6C0000000000000000000051 /* ShaderClient */,
			);
		};
/* End PBXProject section */

/* Begin PBXSourcesBuildPhase section */
		6C0000000000000000000071 /* Sources */ = {
			isa = PBXSourcesBuildPhase;
			buildActionMask = 2147483647;
			files = (
				6C0000000000000000000001 /* ShaderClient.swift in Sources */,
				6C0000000000000000000002 /* Shaders.metal in Sources */,
			);
			runOnlyForDeploymentPostprocessing = 0;
		};
/* End PBXSourcesBuildPhase section */

/* Begin XCBuildConfiguration section */
		6C0000000000000000000081 /* Debug */ = {
			isa = XCBuildConfiguration;
			buildSettings = {
				CLANG_ENABLE_MODULES = YES;
				MACOSX_DEPLOYMENT_TARGET = 13.0;
				MTL_HEADER_SEARCH_PATHS = "$(HEADER_SEARCH_PATHS)";
				SDKROOT = macosx;
			};
			name = Debug;
		};
		6C0000000000000000000082 /* Release */ = {
			isa = XCBuildConfiguration;
			buildSettings = {
				CLANG_ENABLE_MODULES = YES;
				MACOSX_DEPLOYMENT_TARGET = 13.0;
				MTL_HEADER_SEARCH_PATHS = "$(HEADER_SEARCH_PATHS)";
				SDKROOT = macosx;
			};
			name = Release;
		};
		6C0000000000000000000083 /* Debug */ = {
			isa = XCBuildConfiguration;
			buildSettings = {
				CLANG_ENABLE_MODULES = YES;
				MTL_HEADER_SEARCH_PATHS = "$(HEADER_SEARCH_PATHS)";
				PRODUCT_NAME = "$(TARGET_NAME)";
				SWIFT_VERSION = 5.0;
			};
			name = Debug;
		};
		6C0000000000000000000084 /* Release */ = {
			isa = XCBuildConfiguration;
			buildSettings = {
				CLANG_ENABLE_MODULES = YES;
				MTL_HEADER_SEARCH_PATHS = "$(HEADER_SEARCH_PATHS)";
				PRODUCT_NAME = "$(TARGET_NAME)";
				SWIFT_VERSION = 5.0;
			};
			name = Release;
		};
/* End XCBuildConfiguration section */

/* Begin XCConfigurationList section */
		6C0000000000000000000061 /* Build configuration list for PBXProject "ShaderClient" */ = {
			isa = XCConfigurationList;
			buildConfigurations = (
				6C0000000000000000000081 /* Debug */,
				6C0000000000000000000082 /* Release */,
			);
			defaultConfigurationIsVisible = 0;
			defaultConfigurationName = Release;
		};
		6C0000000000000000000062 /* Build configuration list for PBXNativeTarget "ShaderClient" */ = {
			isa = XCConfigurationList;
			buildConfigurations = (
				6C0000000000000000000083 /* Debug */,
				6C0000000000000000000084 /* Release */,
			);
			defaultConfigurationIsVisible = 0;
			defaultConfigurationName = Release;
		};
/* End XCConfigurationList section */

/* Begin XCLocalSwiftPackageReference section */
		6C0000000000000000000020 /* XCLocalSwiftPackageReference "../../.." */ = {
			isa = XCLocalSwiftPackageReference;
			relativePath = ../../..;
		};
/* End XCLocalSwiftPackageReference section */

/* Begin XCSwiftPackageProductDependency section */
		6C0000000000000000000021 /* MetalPetal */ = {
			isa = XCSwiftPackageProductDependency;
			package = 6C0000000000000000000020 /* XCLocalSwiftPackageReference "../../.." */;
			productName = MetalPetal;
		};
/* End XCSwiftPackageProductDependency section */
	};
	rootObject = 6C0000000000000000000052 /* Project object */;
}
